{
  "name": "xultron",
  "version": "1.0.2",
  "lockfileVersion": 3,
  "requires": true,
  "packages": {
    "": {
      "name": "xultron",
      "version": "1.0.2",
      "hasInstallScript": true,
      "license": "UNLICENSED",
      "bin": {
        "xultron": "cli/xultron.mjs"
      },
      "engines": {
        "node": ">=20"
      }
    }
  }
}
